// !$*UTF8*$!
{
	archiveVersion = 1;
	classes = {
	};
	objectVersion = 46;
	objects = {

/* Begin PBXBuildFile section */
		B6C870B31976106A005064B5 /* main.m in Sources */ = {isa = PBXBuildFile; fileRef = B6C870B21976106A005064B5 /* main.m */; };
		B6C870B61976106A005064B5 /* AppDelegate.m in Sources */ = {isa = PBXBuildFile; fileRef = B6C870B51976106A005064B5 /* AppDelegate.m */; };
		B6C870B91976106A005064B5 /* ViewController.m in Sources */ = {isa = PBXBuildFile; fileRef = B6C870B81976106A005064B5 /* ViewController.m */; };
		B6C870BC1976106A005064B5 /* Main.storyboard in Resources */ = {isa = PBXBuildFile; fileRef = B6C870BA1976106A005064B5 /* Main.storyboard */; };
		B6C870BE1976106A005064B5 /* Images.xcassets in Resources */ = {isa = PBXBuildFile; fileRef = B6C870BD1976106A005064B5 /* Images.xcassets */; };
		B6C870CA1976106A005064B5 /* ScribblerTests.m in Sources */ = {isa = PBXBuildFile; fileRef = B6C870C91976106A005064B5 /* ScribblerTests.m */; };
		B6C870D5197610F0005064B5 /* CanvasView.m in Sources */ = {isa = PBXBuildFile; fileRef = B6C870D4197610F0005064B5 /* CanvasView.m */; };
		C08707FB19761D3900576BE9 /* CoreGraphics.framework in Frameworks */ = {isa = PBXBuildFile; fileRef = C08707FA19761D3900576BE9 /* CoreGraphics.framework */; };
/* End PBXBuildFile section */

/* Begin PBXContainerItemProxy section */
		B6C870C41976106A005064B5 /* PBXContainerItemProxy */ = {
			isa = PBXContainerItemProxy;
			containerPortal = B6C870A51976106A005064B5 /* Project object */;
			proxyType = 1;
			remoteGlobalIDString = B6C870AC1976106A005064B5;
			remoteInfo = Scribbler;
		};
/* End PBXContainerItemProxy section */

/* Begin PBXFileReference section */
		B6C870AD1976106A005064B5 /* Scribbler.app */ = {isa = PBXFileReference; explicitFileType = wrapper.application; includeInIndex = 0; path = Scribbler.app; sourceTree = BUILT_PRODUCTS_DIR; };
		B6C870B11976106A005064B5 /* Info.plist */ = {isa = PBXFileReference; lastKnownFileType = text.plist.xml; path = Info.plist; sourceTree = "<group>"; };
		B6C870B21976106A005064B5 /* main.m */ = {isa = PBXFileReference; lastKnownFileType = sourcecode.c.objc; path = main.m; sourceTree = "<group>"; };
		B6C870B41976106A005064B5 /* AppDelegate.h */ = {isa = PBXFileReference; lastKnownFileType = sourcecode.c.h; path = AppDelegate.h; sourceTree = "<group>"; };
		B6C870B51976106A005064B5 /* AppDelegate.m */ = {isa = PBXFileReference; lastKnownFileType = sourcecode.c.objc; path = AppDelegate.m; sourceTree = "<group>"; };
		B6C870B71976106A005064B5 /* ViewController.h */ = {isa = PBXFileReference; lastKnownFileType = sourcecode.c.h; path = ViewController.h; sourceTree = "<group>"; };
		B6C870B81976106A005064B5 /* ViewController.m */ = {isa = PBXFileReference; lastKnownFileType = sourcecode.c.objc; path = ViewController.m; sourceTree = "<group>"; };
		B6C870BB1976106A005064B5 /* Base */ = {isa = PBXFileReference; lastKnownFileType = file.storyboard; name = Base; path = Base.lproj/Main.storyboard; sourceTree = "<group>"; };
		B6C870BD1976106A005064B5 /* Images.xcassets */ = {isa = PBXFileReference; lastKnownFileType = folder.assetcatalog; path = Images.xcassets; sourceTree = "<group>"; };
		B6C870C31976106A005064B5 /* ScribblerTests.xctest */ = {isa = PBXFileReference; explicitFileType = wrapper.cfbundle; includeInIndex = 0; path = ScribblerTests.xctest; sourceTree = BUILT_PRODUCTS_DIR; };
		B6C870C81976106A005064B5 /* Info.plist */ = {isa = PBXFileReference; lastKnownFileType = text.plist.xml; path = Info.plist; sourceTree = "<group>"; };
		B6C870C91976106A005064B5 /* ScribblerTests.m */ = {isa = PBXFileReference; lastKnownFileType = sourcecode.c.objc; path = ScribblerTests.m; sourceTree = "<group>"; };
		B6C870D3197610F0005064B5 /* CanvasView.h */ = {isa = PBXFileReference; fileEncoding = 4; lastKnownFileType = sourcecode.c.h; path = CanvasView.h; sourceTree = "<group>"; };
		B6C870D4197610F0005064B5 /* CanvasView.m */ = {isa = PBXFileReference; fileEncoding = 4; lastKnownFileType = sourcecode.c.objc; path = CanvasView.m; sourceTree = "<group>"; };
		C08707FA19761D3900576BE9 /* CoreGraphics.framework */ = {isa = PBXFileReference; lastKnownFileType = wrapper.framework; name = CoreGraphics.framework; path = System/Library/Frameworks/CoreGraphics.framework; sourceTree = SDKROOT; };
/* End PBXFileReference section */

/* Begin PBXFrameworksBuildPhase section */
		B6C870AA1976106A005064B5 /* Frameworks */ = {
			isa = PBXFrameworksBuildPhase;
			buildActionMask = 2147483647;
			files = (
				C08707FB19761D3900576BE9 /* CoreGraphics.framework in Frameworks */,
			);
			runOnlyForDeploymentPostprocessing = 0;
		};
		B6C870C01976106A005064B5 /* Frameworks */ = {
			isa = PBXFrameworksBuildPhase;
			buildActionMask = 2147483647;
			files = (
			);
			runOnlyForDeploymentPostprocessing = 0;
		};
/* End PBXFrameworksBuildPhase section */

/* Begin PBXGroup section */
		B6C870A41976106A005064B5 = {
			isa = PBXGroup;
			children = (
				C08707FA19761D3900576BE9 /* CoreGraphics.framework */,
				B6C870AF1976106A005064B5 /* Scribbler */,
				B6C870C61976106A005064B5 /* ScribblerTests */,
				B6C870AE1976106A005064B5 /* Products */,
			);
			sourceTree = "<group>";
		};
		B6C870AE1976106A005064B5 /* Products */ = {
			isa = PBXGroup;
			children = (
				B6C870AD1976106A005064B5 /* Scribbler.app */,
				B6C870C31976106A005064B5 /* ScribblerTests.xctest */,
			);
			name = Products;
			sourceTree = "<group>";
		};
		B6C870AF1976106A005064B5 /* Scribbler */ = {
			isa = PBXGroup;
			children = (
				B6C870B41976106A005064B5 /* AppDelegate.h */,
				B6C870B51976106A005064B5 /* AppDelegate.m */,
				B6C870B71976106A005064B5 /* ViewController.h */,
				B6C870B81976106A005064B5 /* ViewController.m */,
				B6C870BA1976106A005064B5 /* Main.storyboard */,
				B6C870BD1976106A005064B5 /* Images.xcassets */,
				B6C870B01976106A005064B5 /* Supporting Files */,
				B6C870D3197610F0005064B5 /* CanvasView.h */,
				B6C870D4197610F0005064B5 /* CanvasView.m */,
			);
			path = Scribbler;
			sourceTree = "<group>";
		};
		B6C870B01976106A005064B5 /* Supporting Files */ = {
			isa = PBXGroup;
			children = (
				B6C870B11976106A005064B5 /* Info.plist */,
				B6C870B21976106A005064B5 /* main.m */,
			);
			name = "Supporting Files";
			sourceTree = "<group>";
		};
		B6C870C61976106A005064B5 /* ScribblerTests */ = {
			isa = PBXGroup;
			children = (
				B6C870C91976106A005064B5 /* ScribblerTests.m */,
				B6C870C71976106A005064B5 /* Supporting Files */,
			);
			path = ScribblerTests;
			sourceTree = "<group>";
		};
		B6C870C71976106A005064B5 /* Supporting Files */ = {
			isa = PBXGroup;
			children = (
				B6C870C81976106A005064B5 /* Info.plist */,
			);
			name = "Supporting Files";
			sourceTree = "<group>";
		};
/* End PBXGroup section */

/* Begin PBXNativeTarget section */
		B6C870AC1976106A005064B5 /* Scribbler */ = {
			isa = PBXNativeTarget;
			buildConfigurationList = B6C870CD1976106A005064B5 /* Build configuration list for PBXNativeTarget "Scribbler" */;
			buildPhases = (
				B6C870A91976106A005064B5 /* Sources */,
				B6C870AA1976106A005064B5 /* Frameworks */,
				B6C870AB1976106A005064B5 /* Resources */,
			);
			buildRules = (
			);
			dependencies = (
			);
			name = Scribbler;
			productName = Scribbler;
			productReference = B6C870AD1976106A005064B5 /* Scribbler.app */;
			productType = "com.apple.product-type.application";
		};
		B6C870C21976106A005064B5 /* ScribblerTests */ = {
			isa = PBXNativeTarget;
			buildConfigurationList = B6C870D01976106A005064B5 /* Build configuration list for PBXNativeTarget "ScribblerTests" */;
			buildPhases = (
				B6C870BF1976106A005064B5 /* Sources */,
				B6C870C01976106A005064B5 /* Frameworks */,
				B6C870C11976106A005064B5 /* Resources */,
			);
			buildRules = (
			);
			dependencies = (
				B6C870C51976106A005064B5 /* PBXTargetDependency */,
			);
			name = ScribblerTests;
			productName = ScribblerTests;
			productReference = B6C870C31976106A005064B5 /* ScribblerTests.xctest */;
			productType = "com.apple.product-type.bundle.unit-test";
		};
/* End PBXNativeTarget section */

/* Begin PBXProject section */
		B6C870A51976106A005064B5 /* Project object */ = {
			isa = PBXProject;
			attributes = {
				LastUpgradeCheck = 0600;
				ORGANIZATIONNAME = "Liu Wei";
				TargetAttributes = {
					B6C870AC1976106A005064B5 = {
						CreatedOnToolsVersion = 6.0;
					};
					B6C870C21976106A005064B5 = {
						CreatedOnToolsVersion = 6.0;
						TestTargetID = B6C870AC1976106A005064B5;
					};
				};
			};
			buildConfigurationList = B6C870A81976106A005064B5 /* Build configuration list for PBXProject "Scribbler" */;
			compatibilityVersion = "Xcode 3.2";
			developmentRegion = English;
			hasScannedForEncodings = 0;
			knownRegions = (
				en,
				Base,
			);
			mainGroup = B6C870A41976106A005064B5;
			productRefGroup = B6C870AE1976106A005064B5 /* Products */;
			projectDirPath = "";
			projectRoot = "";
			targets = (
				B6C870AC1976106A005064B5 /* Scribbler */,
				B6C870C21976106A005064B5 /* ScribblerTests */,
			);
		};
/* End PBXProject section */

/* Begin PBXResourcesBuildPhase section */
		B6C870AB1976106A005064B5 /* Resources */ = {
			isa = PBXResourcesBuildPhase;
			buildActionMask = 2147483647;
			files = (
				B6C870BC1976106A005064B5 /* Main.storyboard in Resources */,
				B6C870BE1976106A005064B5 /* Images.xcassets in Resources */,
			);
			runOnlyForDeploymentPostprocessing = 0;
		};
		B6C870C11976106A005064B5 /* Resources */ = {
			isa = PBXResourcesBuildPhase;
			buildActionMask = 2147483647;
			files = (
			);
			runOnlyForDeploymentPostprocessing = 0;
		};
/* End PBXResourcesBuildPhase section */

/* Begin PBXSourcesBuildPhase section */
		B6C870A91976106A005064B5 /* Sources */ = {
			isa = PBXSourcesBuildPhase;
			buildActionMask = 2147483647;
			files = (
				B6C870B91976106A005064B5 /* ViewController.m in Sources */,
				B6C870B61976106A005064B5 /* AppDelegate.m in Sources */,
				B6C870D5197610F0005064B5 /* CanvasView.m in Sources */,
				B6C870B31976106A005064B5 /* main.m in Sources */,
			);
			runOnlyForDeploymentPostprocessing = 0;
		};
		B6C870BF1976106A005064B5 /* Sources */ = {
			isa = PBXSourcesBuildPhase;
			buildActionMask = 2147483647;
			files = (
				B6C870CA1976106A005064B5 /* ScribblerTests.m in Sources */,
			);
			runOnlyForDeploymentPostprocessing = 0;
		};
/* End PBXSourcesBuildPhase section */

/* Begin PBXTargetDependency section */
		B6C870C51976106A005064B5 /* PBXTargetDependency */ = {
			isa = PBXTargetDependency;
			target = B6C870AC1976106A005064B5 /* Scribbler */;
			targetProxy = B6C870C41976106A005064B5 /* PBXContainerItemProxy */;
		};
/* End PBXTargetDependency section */

/* Begin PBXVariantGroup section */
		B6C870BA1976106A005064B5 /* Main.storyboard */ = {
			isa = PBXVariantGroup;
			children = (
				B6C870BB1976106A005064B5 /* Base */,
			);
			name = Main.storyboard;
			sourceTree = "<group>";
		};
/* End PBXVariantGroup section */

/* Begin XCBuildConfiguration section */
		B6C870CB1976106A005064B5 /* Debug */ = {
			isa = XCBuildConfiguration;
			buildSettings = {
				ALWAYS_SEARCH_USER_PATHS = NO;
				CLANG_CXX_LANGUAGE_STANDARD = "gnu++0x";
				CLANG_CXX_LIBRARY = "libc++";
				CLANG_ENABLE_MODULES = YES;
				CLANG_ENABLE_OBJC_ARC = YES;
				CLANG_WARN_BOOL_CONVERSION = YES;
				CLANG_WARN_CONSTANT_CONVERSION = YES;
				CLANG_WARN_DIRECT_OBJC_ISA_USAGE = YES_ERROR;
				CLANG_WARN_EMPTY_BODY = YES;
				CLANG_WARN_ENUM_CONVERSION = YES;
				CLANG_WARN_INT_CONVERSION = YES;
				CLANG_WARN_OBJC_ROOT_CLASS = YES_ERROR;
				CLANG_WARN_UNREACHABLE_CODE = YES;
				CLANG_WARN__DUPLICATE_METHOD_MATCH = YES;
				"CODE_SIGN_IDENTITY[sdk=iphoneos*]" = "iPhone Developer";
				COPY_PHASE_STRIP = NO;
				ENABLE_STRICT_OBJC_MSGSEND = YES;
				GCC_C_LANGUAGE_STANDARD = gnu99;
				GCC_DYNAMIC_NO_PIC = NO;
				GCC_OPTIMIZATION_LEVEL = 0;
				GCC_PREPROCESSOR_DEFINITIONS = (
					"DEBUG=1",
					"$(inherited)",
				);
				GCC_SYMBOLS_PRIVATE_EXTERN = NO;
				GCC_WARN_64_TO_32_BIT_CONVERSION = YES;
				GCC_WARN_ABOUT_RETURN_TYPE = YES_ERROR;
				GCC_WARN_UNDECLARED_SELECTOR = YES;
				GCC_WARN_UNINITIALIZED_AUTOS = YES_AGGRESSIVE;
				GCC_WARN_UNUSED_FUNCTION = YES;
				GCC_WARN_UNUSED_VARIABLE = YES;
				IPHONEOS_DEPLOYMENT_TARGET = 7.0;
				MTL_ENABLE_DEBUG_INFO = YES;
				ONLY_ACTIVE_ARCH = YES;
				SDKROOT = iphoneos;
			};
			name = Debug;
		};
		B6C870CC1976106A005064B5 /* Release */ = {
			isa = XCBuildConfiguration;
			buildSettings = {
				ALWAYS_SEARCH_USER_PATHS = NO;
				CLANG_CXX_LANGUAGE_STANDARD = "gnu++0x";
				CLANG_CXX_LIBRARY = "libc++";
				CLANG_ENABLE_MODULES = YES;
				CLANG_ENABLE_OBJC_ARC = YES;
				CLANG_WARN_BOOL_CONVERSION = YES;
				CLANG_WARN_CONSTANT_CONVERSION = YES;
				CLANG_WARN_DIRECT_OBJC_ISA_USAGE = YES_ERROR;
				CLANG_WARN_EMPTY_BODY = YES;
				CLANG_WARN_ENUM_CONVERSION = YES;
				CLANG_WARN_INT_CONVERSION = YES;
				CLANG_WARN_OBJC_ROOT_CLASS = YES_ERROR;
				CLANG_WARN_UNREACHABLE_CODE = YES;
				CLANG_WARN__DUPLICATE_METHOD_MATCH = YES;
				"CODE_SIGN_IDENTITY[sdk=iphoneos*]" = "iPhone Developer";
				COPY_PHASE_STRIP = YES;
				ENABLE_NS_ASSERTIONS = NO;
				ENABLE_STRICT_OBJC_MSGSEND = YES;
				GCC_C_LANGUAGE_STANDARD = gnu99;
				GCC_WARN_64_TO_32_BIT_CONVERSION = YES;
				GCC_WARN_ABOUT_RETURN_TYPE = YES_ERROR;
				GCC_WARN_UNDECLARED_SELECTOR = YES;
				GCC_WARN_UNINITIALIZED_AUTOS = YES_AGGRESSIVE;
				GCC_WARN_UNUSED_FUNCTION = YES;
				GCC_WARN_UNUSED_VARIABLE = YES;
				IPHONEOS_DEPLOYMENT_TARGET = 7.0;
				MTL_ENABLE_DEBUG_INFO = NO;
				SDKROOT = iphoneos;
				VALIDATE_PRODUCT = YES;
			};
			name = Release;
		};
		B6C870CE1976106A005064B5 /* Debug */ = {
			isa = XCBuildConfiguration;
			buildSettings = {
				ASSETCATALOG_COMPILER_APPICON_NAME = AppIcon;
				ASSETCATALOG_COMPILER_LAUNCHIMAGE_NAME = LaunchImage;
				INFOPLIST_FILE = Scribbler/Info.plist;
				IPHONEOS_DEPLOYMENT_TARGET = 7.0;
				LD_RUNPATH_SEARCH_PATHS = "$(inherited) @executable_path/Frameworks";
				PRODUCT_NAME = "$(TARGET_NAME)";
			};
			name = Debug;
		};
		B6C870CF1976106A005064B5 /* Release */ = {
			isa = XCBuildConfiguration;
			buildSettings = {
				ASSETCATALOG_COMPILER_APPICON_NAME = AppIcon;
				ASSETCATALOG_COMPILER_LAUNCHIMAGE_NAME = LaunchImage;
				INFOPLIST_FILE = Scribbler/Info.plist;
				IPHONEOS_DEPLOYMENT_TARGET = 7.0;
				LD_RUNPATH_SEARCH_PATHS = "$(inherited) @executable_path/Frameworks";
				PRODUCT_NAME = "$(TARGET_NAME)";
			};
			name = Release;
		};
		B6C870D11976106A005064B5 /* Debug */ = {
			isa = XCBuildConfiguration;
			buildSettings = {
				BUNDLE_LOADER = "$(BUILT_PRODUCTS_DIR)/Scribbler.app/Scribbler";
				FRAMEWORK_SEARCH_PATHS = (
					"$(SDKROOT)/Developer/Library/Frameworks",
					"$(inherited)",
				);
				GCC_PREPROCESSOR_DEFINITIONS = (
					"DEBUG=1",
					"$(inherited)",
				);
				INFOPLIST_FILE = ScribblerTests/Info.plist;
				LD_RUNPATH_SEARCH_PATHS = "$(inherited) @executable_path/Frameworks @loader_path/Frameworks";
				PRODUCT_NAME = "$(TARGET_NAME)";
				TEST_HOST = "$(BUNDLE_LOADER)";
			};
			name = Debug;
		};
		B6C870D21976106A005064B5 /* Release */ = {
			isa = XCBuildConfiguration;
			buildSettings = {
				BUNDLE_LOADER = "$(BUILT_PRODUCTS_DIR)/Scribbler.app/Scribbler";
				FRAMEWORK_SEARCH_PATHS = (
					"$(SDKROOT)/Developer/Library/Frameworks",
					"$(inherited)",
				);
				INFOPLIST_FILE = ScribblerTests/Info.plist;
				LD_RUNPATH_SEARCH_PATHS = "$(inherited) @executable_path/Frameworks @loader_path/Frameworks";
				PRODUCT_NAME = "$(TARGET_NAME)";
				TEST_HOST = "$(BUNDLE_LOADER)";
			};
			name = Release;
		};
/* End XCBuildConfiguration section */

/* Begin XCConfigurationList section */
		B6C870A81976106A005064B5 /* Build configuration list for PBXProject "Scribbler" */ = {
			isa = XCConfigurationList;
			buildConfigurations = (
				B6C870CB1976106A005064B5 /* Debug */,
				B6C870CC1976106A005064B5 /* Release */,
			);
			defaultConfigurationIsVisible = 0;
			defaultConfigurationName = Release;
		};
		B6C870CD1976106A005064B5 /* Build configuration list for PBXNativeTarget "Scribbler" */ = {
			isa = XCConfigurationList;
			buildConfigurations = (
				B6C870CE1976106A005064B5 /* Debug */,
				B6C870CF1976106A005064B5 /* Release */,
			);
			defaultConfigurationIsVisible = 0;
			defaultConfigurationName = Release;
		};
		B6C870D01976106A005064B5 /* Build configuration list for PBXNativeTarget "ScribblerTests" */ = {
			isa = XCConfigurationList;
			buildConfigurations = (
				B6C870D11976106A005064B5 /* Debug */,
				B6C870D21976106A005064B5 /* Release */,
			);
			defaultConfigurationIsVisible = 0;
			defaultConfigurationName = Release;
		};
/* End XCConfigurationList section */
	};
	rootObject = B6C870A51976106A005064B5 /* Project object */;
}
